// !$*UTF8*$!
{
	archiveVersion = 1;
	classes = {
	};
	objectVersion = 56;
	objects = {

/* Begin PBXBuildFile section */
		3F529ACF2967B353000203DA /* IOS_Learning_App.swift in Sources */ = {isa = PBXBuildFile; fileRef = 3F529ACE2967B353000203DA /* IOS_Learning_App.swift */; };
		3F529AD12967B353000203DA /* HomeView.swift in Sources */ = {isa = PBXBuildFile; fileRef = 3F529AD02967B353000203DA /* HomeView.swift */; };
		3F529AD32967B355000203DA /* Assets.xcassets in Resources */ = {isa = PBXBuildFile; fileRef = 3F529AD22967B355000203DA /* Assets.xcassets */; };
		3F529AD62967B355000203DA /* Preview Assets.xcassets in Resources */ = {isa = PBXBuildFile; fileRef = 3F529AD52967B355000203DA /* Preview Assets.xcassets */; };
		3F529AE22967B476000203DA /* ContentModel.swift in Sources */ = {isa = PBXBuildFile; fileRef = 3F529AE12967B476000203DA /* ContentModel.swift */; };
		3F529AE52967B851000203DA /* data.json in Resources */ = {isa = PBXBuildFile; fileRef = 3F529AE32967B850000203DA /* data.json */; };
		3F529AE62967B851000203DA /* style.html in Resources */ = {isa = PBXBuildFile; fileRef = 3F529AE42967B851000203DA /* style.html */; };
		3F529AE82967BAF3000203DA /* Models.swift in Sources */ = {isa = PBXBuildFile; fileRef = 3F529AE72967BAF3000203DA /* Models.swift */; };
		3F529AEA296904F2000203DA /* HomeViewRow.swift in Sources */ = {isa = PBXBuildFile; fileRef = 3F529AE9296904F2000203DA /* HomeViewRow.swift */; };
		3F57C7552973EA0F0075CB39 /* CodeTextView.swift in Sources */ = {isa = PBXBuildFile; fileRef = 3F57C7542973EA0F0075CB39 /* CodeTextView.swift */; };
		3F57C773297657EF0075CB39 /* RectangleCard.swift in Sources */ = {isa = PBXBuildFile; fileRef = 3F57C772297657EF0075CB39 /* RectangleCard.swift */; };
		3F6D7DF9296C6E4C00CBAFEE /* ContentView.swift in Sources */ = {isa = PBXBuildFile; fileRef = 3F6D7DF8296C6E4C00CBAFEE /* ContentView.swift */; };
		3F6D7DFB296C7D0600CBAFEE /* ContentViewRow.swift in Sources */ = {isa = PBXBuildFile; fileRef = 3F6D7DFA296C7D0500CBAFEE /* ContentViewRow.swift */; };
		3F6D7DFD2970454B00CBAFEE /* ContentDetailView.swift in Sources */ = {isa = PBXBuildFile; fileRef = 3F6D7DFC2970454B00CBAFEE /* ContentDetailView.swift */; };
		3F6D7E0029704D8F00CBAFEE /* AVKit.framework in Frameworks */ = {isa = PBXBuildFile; fileRef = 3F6D7DFF29704D8F00CBAFEE /* AVKit.framework */; };
		3F6D7E0229704EF100CBAFEE /* Constants.swift in Sources */ = {isa = PBXBuildFile; fileRef = 3F6D7E0129704EF100CBAFEE /* Constants.swift */; };
/* End PBXBuildFile section */

/* Begin PBXFileReference section */
		3F529ACB2967B353000203DA /* IOS Learning App.app */ = {isa = PBXFileReference; explicitFileType = wrapper.application; includeInIndex = 0; path = "IOS Learning App.app"; sourceTree = BUILT_PRODUCTS_DIR; };
		3F529ACE2967B353000203DA /* IOS_Learning_App.swift */ = {isa = PBXFileReference; lastKnownFileType = sourcecode.swift; path = IOS_Learning_App.swift; sourceTree = "<group>"; };
		3F529AD02967B353000203DA /* HomeView.swift */ = {isa = PBXFileReference; lastKnownFileType = sourcecode.swift; path = HomeView.swift; sourceTree = "<group>"; };
		3F529AD22967B355000203DA /* Assets.xcassets */ = {isa = PBXFileReference; lastKnownFileType = folder.assetcatalog; path = Assets.xcassets; sourceTree = "<group>"; };
		3F529AD52967B355000203DA /* Preview Assets.xcassets */ = {isa = PBXFileReference; lastKnownFileType = folder.assetcatalog; path = "Preview Assets.xcassets"; sourceTree = "<group>"; };
		3F529AE12967B476000203DA /* ContentModel.swift */ = {isa = PBXFileReference; lastKnownFileType = sourcecode.swift; path = ContentModel.swift; sourceTree = "<group>"; };
		3F529AE32967B850000203DA /* data.json */ = {isa = PBXFileReference; fileEncoding = 4; lastKnownFileType = text.json; path = data.json; sourceTree = "<group>"; };
		3F529AE42967B851000203DA /* style.html */ = {isa = PBXFileReference; fileEncoding = 4; lastKnownFileType = text.html; path = style.html; sourceTree = "<group>"; };
		3F529AE72967BAF3000203DA /* Models.swift */ = {isa = PBXFileReference; lastKnownFileType = sourcecode.swift; path = Models.swift; sourceTree = "<group>"; };
		3F529AE9296904F2000203DA /* HomeViewRow.swift */ = {isa = PBXFileReference; lastKnownFileType = sourcecode.swift; path = HomeViewRow.swift; sourceTree = "<group>"; };
		3F57C7542973EA0F0075CB39 /* CodeTextView.swift */ = {isa = PBXFileReference; lastKnownFileType = sourcecode.swift; path = CodeTextView.swift; sourceTree = "<group>"; };
		3F57C772297657EF0075CB39 /* RectangleCard.swift */ = {isa = PBXFileReference; lastKnownFileType = sourcecode.swift; path = RectangleCard.swift; sourceTree = "<group>"; };
		3F6D7DF8296C6E4C00CBAFEE /* ContentView.swift */ = {isa = PBXFileReference; lastKnownFileType = sourcecode.swift; path = ContentView.swift; sourceTree = "<group>"; };
		3F6D7DFA296C7D0500CBAFEE /* ContentViewRow.swift */ = {isa = PBXFileReference; lastKnownFileType = sourcecode.swift; path = ContentViewRow.swift; sourceTree = "<group>"; };
		3F6D7DFC2970454B00CBAFEE /* ContentDetailView.swift */ = {isa = PBXFileReference; lastKnownFileType = sourcecode.swift; path = ContentDetailView.swift; sourceTree = "<group>"; };
		3F6D7DFF29704D8F00CBAFEE /* AVKit.framework */ = {isa = PBXFileReference; lastKnownFileType = wrapper.framework; name = AVKit.framework; path = System/Library/Frameworks/AVKit.framework; sourceTree = SDKROOT; };
		3F6D7E0129704EF100CBAFEE /* Constants.swift */ = {isa = PBXFileReference; lastKnownFileType = sourcecode.swift; path = Constants.swift; sourceTree = "<group>"; };
/* End PBXFileReference section */

/* Begin PBXFrameworksBuildPhase section */
		3F529AC82967B353000203DA /* Frameworks */ = {
			isa = PBXFrameworksBuildPhase;
			buildActionMask = 2147483647;
			files = (
				3F6D7E0029704D8F00CBAFEE /* AVKit.framework in Frameworks */,
			);
			runOnlyForDeploymentPostprocessing = 0;
		};
/* End PBXFrameworksBuildPhase section */

/* Begin PBXGroup section */
		3F529AC22967B353000203DA = {
			isa = PBXGroup;
			children = (
				3F529ACD2967B353000203DA /* IOS Learning App */,
				3F529ACC2967B353000203DA /* Products */,
				3F6D7DFE29704D8F00CBAFEE /* Frameworks */,
			);
			sourceTree = "<group>";
		};
		3F529ACC2967B353000203DA /* Products */ = {
			isa = PBXGroup;
			children = (
				3F529ACB2967B353000203DA /* IOS Learning App.app */,
			);
			name = Products;
			sourceTree = "<group>";
		};
		3F529ACD2967B353000203DA /* IOS Learning App */ = {
			isa = PBXGroup;
			children = (
				3F529ACE2967B353000203DA /* IOS_Learning_App.swift */,
				3F529ADC2967B3FC000203DA /* Views */,
				3F529ADD2967B402000203DA /* ViewModels */,
				3F529ADE2967B40A000203DA /* Models */,
				3F529ADF2967B411000203DA /* Resources */,
				3F529AE02967B417000203DA /* Helpers */,
				3F529AD22967B355000203DA /* Assets.xcassets */,
				3F529AD42967B355000203DA /* Preview Content */,
			);
			path = "IOS Learning App";
			sourceTree = "<group>";
		};
		3F529AD42967B355000203DA /* Preview Content */ = {
			isa = PBXGroup;
			children = (
				3F529AD52967B355000203DA /* Preview Assets.xcassets */,
			);
			path = "Preview Content";
			sourceTree = "<group>";
		};
		3F529ADC2967B3FC000203DA /* Views */ = {
			isa = PBXGroup;
			children = (
				3F529AD02967B353000203DA /* HomeView.swift */,
				3F529AE9296904F2000203DA /* HomeViewRow.swift */,
				3F6D7DF8296C6E4C00CBAFEE /* ContentView.swift */,
				3F6D7DFA296C7D0500CBAFEE /* ContentViewRow.swift */,
				3F6D7DFC2970454B00CBAFEE /* ContentDetailView.swift */,
				3F57C7542973EA0F0075CB39 /* CodeTextView.swift */,
				3F57C772297657EF0075CB39 /* RectangleCard.swift */,
			);
			path = Views;
			sourceTree = "<group>";
		};
		3F529ADD2967B402000203DA /* ViewModels */ = {
			isa = PBXGroup;
			children = (
				3F529AE12967B476000203DA /* ContentModel.swift */,
			);
			path = ViewModels;
			sourceTree = "<group>";
		};
		3F529ADE2967B40A000203DA /* Models */ = {
			isa = PBXGroup;
			children = (
				3F529AE72967BAF3000203DA /* Models.swift */,
			);
			path = Models;
			sourceTree = "<group>";
		};
		3F529ADF2967B411000203DA /* Resources */ = {
			isa = PBXGroup;
			children = (
				3F529AE32967B850000203DA /* data.json */,
				3F529AE42967B851000203DA /* style.html */,
				3F6D7E0129704EF100CBAFEE /* Constants.swift */,
			);
			path = Resources;
			sourceTree = "<group>";
		};
		3F529AE02967B417000203DA /* Helpers */ = {
			isa = PBXGroup;
			children = (
			);
			path = Helpers;
			sourceTree = "<group>";
		};
		3F6D7DFE29704D8F00CBAFEE /* Frameworks */ = {
			isa = PBXGroup;
			children = (
				3F6D7DFF29704D8F00CBAFEE /* AVKit.framework */,
			);
			name = Frameworks;
			sourceTree = "<group>";
		};
/* End PBXGroup section */

/* Begin PBXNativeTarget section */
		3F529ACA2967B353000203DA /* IOS Learning App */ = {
			isa = PBXNativeTarget;
			buildConfigurationList = 3F529AD92967B355000203DA /* Build configuration list for PBXNativeTarget "IOS Learning App" */;
			buildPhases = (
				3F529AC72967B353000203DA /* Sources */,
				3F529AC82967B353000203DA /* Frameworks */,
				3F529AC92967B353000203DA /* Resources */,
			);
			buildRules = (
			);
			dependencies = (
			);
			name = "IOS Learning App";
			productName = "IOS Learning App";
			productReference = 3F529ACB2967B353000203DA /* IOS Learning App.app */;
			productType = "com.apple.product-type.application";
		};
/* End PBXNativeTarget section */

/* Begin PBXProject section */
		3F529AC32967B353000203DA /* Project object */ = {
			isa = PBXProject;
			attributes = {
				BuildIndependentTargetsInParallel = 1;
				LastSwiftUpdateCheck = 1420;
				LastUpgradeCheck = 1420;
				TargetAttributes = {
					3F529ACA2967B353000203DA = {
						CreatedOnToolsVersion = 14.2;
					};
				};
			};
			buildConfigurationList = 3F529AC62967B353000203DA /* Build configuration list for PBXProject "IOS Learning App" */;
			compatibilityVersion = "Xcode 14.0";
			developmentRegion = en;
			hasScannedForEncodings = 0;
			knownRegions = (
				en,
				Base,
			);
			mainGroup = 3F529AC22967B353000203DA;
			productRefGroup = 3F529ACC2967B353000203DA /* Products */;
			projectDirPath = "";
			projectRoot = "";
			targets = (
				3F529ACA2967B353000203DA /* IOS Learning App */,
			);
		};
/* End PBXProject section */

/* Begin PBXResourcesBuildPhase section */
		3F529AC92967B353000203DA /* Resources */ = {
			isa = PBXResourcesBuildPhase;
			buildActionMask = 2147483647;
			files = (
				3F529AD62967B355000203DA /* Preview Assets.xcassets in Resources */,
				3F529AE52967B851000203DA /* data.json in Resources */,
				3F529AE62967B851000203DA /* style.html in Resources */,
				3F529AD32967B355000203DA /* Assets.xcassets in Resources */,
			);
			runOnlyForDeploymentPostprocessing = 0;
		};
/* End PBXResourcesBuildPhase section */

/* Begin PBXSourcesBuildPhase section */
		3F529AC72967B353000203DA /* Sources */ = {
			isa = PBXSourcesBuildPhase;
			buildActionMask = 2147483647;
			files = (
				3F529AD12967B353000203DA /* HomeView.swift in Sources */,
				3F529ACF2967B353000203DA /* IOS_Learning_App.swift in Sources */,
				3F6D7DF9296C6E4C00CBAFEE /* ContentView.swift in Sources */,
				3F6D7DFD2970454B00CBAFEE /* ContentDetailView.swift in Sources */,
				3F529AE22967B476000203DA /* ContentModel.swift in Sources */,
				3F6D7DFB296C7D0600CBAFEE /* ContentViewRow.swift in Sources */,
				3F57C7552973EA0F0075CB39 /* CodeTextView.swift in Sources */,
				3F529AE82967BAF3000203DA /* Models.swift in Sources */,
				3F529AEA296904F2000203DA /* HomeViewRow.swift in Sources */,
				3F57C773297657EF0075CB39 /* RectangleCard.swift in Sources */,
				3F6D7E0229704EF100CBAFEE /* Constants.swift in Sources */,
			);
			runOnlyForDeploymentPostprocessing = 0;
		};
/* End PBXSourcesBuildPhase section */

/* Begin XCBuildConfiguration section */
		3F529AD72967B355000203DA /* Debug */ = {
			isa = XCBuildConfiguration;
			buildSettings = {
				ALWAYS_SEARCH_USER_PATHS = NO;
				CLANG_ANALYZER_NONNULL = YES;
				CLANG_ANALYZER_NUMBER_OBJECT_CONVERSION = YES_AGGRESSIVE;
				CLANG_CXX_LANGUAGE_STANDARD = "gnu++20";
				CLANG_ENABLE_MODULES = YES;
				CLANG_ENABLE_OBJC_ARC = YES;
				CLANG_ENABLE_OBJC_WEAK = YES;
				CLANG_WARN_BLOCK_CAPTURE_AUTORELEASING = YES;
				CLANG_WARN_BOOL_CONVERSION = YES;
				CLANG_WARN_COMMA = YES;
				CLANG_WARN_CONSTANT_CONVERSION = YES;
				CLANG_WARN_DEPRECATED_OBJC_IMPLEMENTATIONS = YES;
				CLANG_WARN_DIRECT_OBJC_ISA_USAGE = YES_ERROR;
				CLANG_WARN_DOCUMENTATION_COMMENTS = YES;
				CLANG_WARN_EMPTY_BODY = YES;
				CLANG_WARN_ENUM_CONVERSION = YES;
				CLANG_WARN_INFINITE_RECURSION = YES;
				CLANG_WARN_INT_CONVERSION = YES;
				CLANG_WARN_NON_LITERAL_NULL_CONVERSION = YES;
				CLANG_WARN_OBJC_IMPLICIT_RETAIN_SELF = YES;
				CLANG_WARN_OBJC_LITERAL_CONVERSION = YES;
				CLANG_WARN_OBJC_ROOT_CLASS = YES_ERROR;
				CLANG_WARN_QUOTED_INCLUDE_IN_FRAMEWORK_HEADER = YES;
				CLANG_WARN_RANGE_LOOP_ANALYSIS = YES;
				CLANG_WARN_STRICT_PROTOTYPES = YES;
				CLANG_WARN_SUSPICIOUS_MOVE = YES;
				CLANG_WARN_UNGUARDED_AVAILABILITY = YES_AGGRESSIVE;
				CLANG_WARN_UNREACHABLE_CODE = YES;
				CLANG_WARN__DUPLICATE_METHOD_MATCH = YES;
				COPY_PHASE_STRIP = NO;
				DEBUG_INFORMATION_FORMAT = dwarf;
				ENABLE_STRICT_OBJC_MSGSEND = YES;
				ENABLE_TESTABILITY = YES;
				GCC_C_LANGUAGE_STANDARD = gnu11;
				GCC_DYNAMIC_NO_PIC = NO;
				GCC_NO_COMMON_BLOCKS = YES;
				GCC_OPTIMIZATION_LEVEL = 0;
				GCC_PREPROCESSOR_DEFINITIONS = (
					"DEBUG=1",
					"$(inherited)",
				);
				GCC_WARN_64_TO_32_BIT_CONVERSION = YES;
				GCC_WARN_ABOUT_RETURN_TYPE = YES_ERROR;
				GCC_WARN_UNDECLARED_SELECTOR = YES;
				GCC_WARN_UNINITIALIZED_AUTOS = YES_AGGRESSIVE;
				GCC_WARN_UNUSED_FUNCTION = YES;
				GCC_WARN_UNUSED_VARIABLE = YES;
				IPHONEOS_DEPLOYMENT_TARGET = 16.2;
				MTL_ENABLE_DEBUG_INFO = INCLUDE_SOURCE;
				MTL_FAST_MATH = YES;
				ONLY_ACTIVE_ARCH = YES;
				SDKROOT = iphoneos;
				SWIFT_ACTIVE_COMPILATION_CONDITIONS = DEBUG;
				SWIFT_OPTIMIZATION_LEVEL = "-Onone";
			};
			name = Debug;
		};
		3F529AD82967B355000203DA /* Release */ = {
			isa = XCBuildConfiguration;
			buildSettings = {
				ALWAYS_SEARCH_USER_PATHS = NO;
				CLANG_ANALYZER_NONNULL = YES;
				CLANG_ANALYZER_NUMBER_OBJECT_CONVERSION = YES_AGGRESSIVE;
				CLANG_CXX_LANGUAGE_STANDARD = "gnu++20";
				CLANG_ENABLE_MODULES = YES;
				CLANG_ENABLE_OBJC_ARC = YES;
				CLANG_ENABLE_OBJC_WEAK = YES;
				CLANG_WARN_BLOCK_CAPTURE_AUTORELEASING = YES;
				CLANG_WARN_BOOL_CONVERSION = YES;
				CLANG_WARN_COMMA = YES;
				CLANG_WARN_CONSTANT_CONVERSION = YES;
				CLANG_WARN_DEPRECATED_OBJC_IMPLEMENTATIONS = YES;
				CLANG_WARN_DIRECT_OBJC_ISA_USAGE = YES_ERROR;
				CLANG_WARN_DOCUMENTATION_COMMENTS = YES;
				CLANG_WARN_EMPTY_BODY = YES;
				CLANG_WARN_ENUM_CONVERSION = YES;
				CLANG_WARN_INFINITE_RECURSION = YES;
				CLANG_WARN_INT_CONVERSION = YES;
				CLANG_WARN_NON_LITERAL_NULL_CONVERSION = YES;
				CLANG_WARN_OBJC_IMPLICIT_RETAIN_SELF = YES;
				CLANG_WARN_OBJC_LITERAL_CONVERSION = YES;
				CLANG_WARN_OBJC_ROOT_CLASS = YES_ERROR;
				CLANG_WARN_QUOTED_INCLUDE_IN_FRAMEWORK_HEADER = YES;
				CLANG_WARN_RANGE_LOOP_ANALYSIS = YES;
				CLANG_WARN_STRICT_PROTOTYPES = YES;
				CLANG_WARN_SUSPICIOUS_MOVE = YES;
				CLANG_WARN_UNGUARDED_AVAILABILITY = YES_AGGRESSIVE;
				CLANG_WARN_UNREACHABLE_CODE = YES;
				CLANG_WARN__DUPLICATE_METHOD_MATCH = YES;
				COPY_PHASE_STRIP = NO;
				DEBUG_INFORMATION_FORMAT = "dwarf-with-dsym";
				ENABLE_NS_ASSERTIONS = NO;
				ENABLE_STRICT_OBJC_MSGSEND = YES;
				GCC_C_LANGUAGE_STANDARD = gnu11;
				GCC_NO_COMMON_BLOCKS = YES;
				GCC_WARN_64_TO_32_BIT_CONVERSION = YES;
				GCC_WARN_ABOUT_RETURN_TYPE = YES_ERROR;
				GCC_WARN_UNDECLARED_SELECTOR = YES;
				GCC_WARN_UNINITIALIZED_AUTOS = YES_AGGRESSIVE;
				GCC_WARN_UNUSED_FUNCTION = YES;
				GCC_WARN_UNUSED_VARIABLE = YES;
				IPHONEOS_DEPLOYMENT_TARGET = 16.2;
				MTL_ENABLE_DEBUG_INFO = NO;
				MTL_FAST_MATH = YES;
				SDKROOT = iphoneos;
				SWIFT_COMPILATION_MODE = wholemodule;
				SWIFT_OPTIMIZATION_LEVEL = "-O";
				VALIDATE_PRODUCT = YES;
			};
			name = Release;
		};
		3F529ADA2967B355000203DA /* Debug */ = {
			isa = XCBuildConfiguration;
			buildSettings = {
				ASSETCATALOG_COMPILER_APPICON_NAME = AppIcon;
				ASSETCATALOG_COMPILER_GLOBAL_ACCENT_COLOR_NAME = AccentColor;
				CODE_SIGN_STYLE = Automatic;
				CURRENT_PROJECT_VERSION = 1;
				DEVELOPMENT_ASSET_PATHS = "\"IOS Learning App/Preview Content\"";
				DEVELOPMENT_TEAM = DN6L97BACN;
				ENABLE_PREVIEWS = YES;
				GENERATE_INFOPLIST_FILE = YES;
				INFOPLIST_KEY_UIApplicationSceneManifest_Generation = YES;
				INFOPLIST_KEY_UIApplicationSupportsIndirectInputEvents = YES;
				INFOPLIST_KEY_UILaunchScreen_Generation = YES;
				INFOPLIST_KEY_UISupportedInterfaceOrientations_iPad = "UIInterfaceOrientationPortrait UIInterfaceOrientationPortraitUpsideDown UIInterfaceOrientationLandscapeLeft UIInterfaceOrientationLandscapeRight";
				INFOPLIST_KEY_UISupportedInterfaceOrientations_iPhone = "UIInterfaceOrientationPortrait UIInterfaceOrientationLandscapeLeft UIInterfaceOrientationLandscapeRight";
				LD_RUNPATH_SEARCH_PATHS = (
					"$(inherited)",
					"@executable_path/Frameworks",
				);
				MARKETING_VERSION = 1.0;
				PRODUCT_BUNDLE_IDENTIFIER = "com.mubashir.IOS-Learning-App";
				PRODUCT_NAME = "$(TARGET_NAME)";
				SWIFT_EMIT_LOC_STRINGS = YES;
				SWIFT_VERSION = 5.0;
				TARGETED_DEVICE_FAMILY = "1,2";
			};
			name = Debug;
		};
		3F529ADB2967B355000203DA /* Release */ = {
			isa = XCBuildConfiguration;
			buildSettings = {
				ASSETCATALOG_COMPILER_APPICON_NAME = AppIcon;
				ASSETCATALOG_COMPILER_GLOBAL_ACCENT_COLOR_NAME = AccentColor;
				CODE_SIGN_STYLE = Automatic;
				CURRENT_PROJECT_VERSION = 1;
				DEVELOPMENT_ASSET_PATHS = "\"IOS Learning App/Preview Content\"";
				DEVELOPMENT_TEAM = DN6L97BACN;
				ENABLE_PREVIEWS = YES;
				GENERATE_INFOPLIST_FILE = YES;
				INFOPLIST_KEY_UIApplicationSceneManifest_Generation = YES;
				INFOPLIST_KEY_UIApplicationSupportsIndirectInputEvents = YES;
				INFOPLIST_KEY_UILaunchScreen_Generation = YES;
				INFOPLIST_KEY_UISupportedInterfaceOrientations_iPad = "UIInterfaceOrientationPortrait UIInterfaceOrientationPortraitUpsideDown UIInterfaceOrientationLandscapeLeft UIInterfaceOrientationLandscapeRight";
				INFOPLIST_KEY_UISupportedInterfaceOrientations_iPhone = "UIInterfaceOrientationPortrait UIInterfaceOrientationLandscapeLeft UIInterfaceOrientationLandscapeRight";
				LD_RUNPATH_SEARCH_PATHS = (
					"$(inherited)",
					"@executable_path/Frameworks",
				);
				MARKETING_VERSION = 1.0;
				PRODUCT_BUNDLE_IDENTIFIER = "com.mubashir.IOS-Learning-App";
				PRODUCT_NAME = "$(TARGET_NAME)";
				SWIFT_EMIT_LOC_STRINGS = YES;
				SWIFT_VERSION = 5.0;
				TARGETED_DEVICE_FAMILY = "1,2";
			};
			name = Release;
		};
/* End XCBuildConfiguration section */

/* Begin XCConfigurationList section */
		3F529AC62967B353000203DA /* Build configuration list for PBXProject "IOS Learning App" */ = {
			isa = XCConfigurationList;
			buildConfigurations = (
				3F529AD72967B355000203DA /* Debug */,
				3F529AD82967B355000203DA /* Release */,
			);
			defaultConfigurationIsVisible = 0;
			defaultConfigurationName = Release;
		};
		3F529AD92967B355000203DA /* Build configuration list for PBXNativeTarget "IOS Learning App" */ = {
			isa = XCConfigurationList;
			buildConfigurations = (
				3F529ADA2967B355000203DA /* Debug */,
				3F529ADB2967B355000203DA /* Release */,
			);
			defaultConfigurationIsVisible = 0;
			defaultConfigurationName = Release;
		};
/* End XCConfigurationList section */
	};
	rootObject = 3F529AC32967B353000203DA /* Project object */;
}
